
Microsoft Visual Studio Solution File, Format Version 12.00
# Visual Studio Version 17
VisualStudioVersion = 17.2.32602.215
MinimumVisualStudioVersion = 10.0.40219.1
Project("{9A19103F-16F7-4668-BE54-9A1E7A4F7556}") = "ControleEstoque", "ControleEstoque\ControleEstoque.csproj", "{D152F79A-7235-42A4-BD00-4D104B2EDC67}"
EndProject
Project("{9A19103F-16F7-4668-BE54-9A1E7A4F7556}") = "ControleDeEstoque.Console", "ControleDeEstoque.Console\ControleDeEstoque.Console.csproj", "{48883FF9-358D-4330-B6C7-4422FFBB835C}"
EndProject
Project("{FAE04EC0-301F-11D3-BF4B-00C04F79EFBC}") = "ControleEstoque.Tests", "ControleEstoque.Tests\ControleEstoque.Tests.csproj", "{DC5A2FCA-733C-489F-9532-1630381463E1}"
EndProject
Global
	GlobalSection(SolutionConfigurationPlatforms) = preSolution
		Debug|Any CPU = Debug|Any CPU
		Release|Any CPU = Release|Any CPU
	EndGlobalSection
	GlobalSection(ProjectConfigurationPlatforms) = postSolution
		{D152F79A-7235-42A4-BD00-4D104B2EDC67}.Debug|Any CPU.ActiveCfg = Debug|Any CPU
		{D152F79A-7235-42A4-BD00-4D104B2EDC67}.Debug|Any CPU.Build.0 = Debug|Any CPU
		{D152F79A-7235-42A4-BD00-4D104B2EDC67}.Release|Any CPU.ActiveCfg = Release|Any CPU
		{D152F79A-7235-42A4-BD00-4D104B2EDC67}.Release|Any CPU.Build.0 = Release|Any CPU
		{48883FF9-358D-4330-B6C7-4422FFBB835C}.Debug|Any CPU.ActiveCfg = Debug|Any CPU
		{48883FF9-358D-4330-B6C7-4422FFBB835C}.Debug|Any CPU.Build.0 = Debug|Any CPU
		{48883FF9-358D-4330-B6C7-4422FFBB835C}.Release|Any CPU.ActiveCfg = Release|Any CPU
		{48883FF9-358D-4330-B6C7-4422FFBB835C}.Release|Any CPU.Build.0 = Release|Any CPU
		{DC5A2FCA-733C-489F-9532-1630381463E1}.Debug|Any CPU.ActiveCfg = Debug|Any CPU
		{DC5A2FCA-733C-489F-9532-1630381463E1}.Debug|Any CPU.Build.0 = Debug|Any CPU
		{DC5A2FCA-733C-489F-9532-1630381463E1}.Release|Any CPU.ActiveCfg = Release|Any CPU
		{DC5A2FCA-733C-489F-9532-1630381463E1}.Release|Any CPU.Build.0 = Release|Any CPU
	EndGlobalSection
	GlobalSection(SolutionProperties) = preSolution
		HideSolutionNode = FALSE
	EndGlobalSection
	GlobalSection(ExtensibilityGlobals) = postSolution
		SolutionGuid = {F1017637-F484-476A-82DB-49308BB21640}
	EndGlobalSection
EndGlobal
