{
  "version": 3,
  "targets": {
    "net5.0": {
      "ControleEstoque/1.0.0": {
        "type": "project",
        "framework": ".NETCoreApp,Version=v5.0",
        "compile": {
          "bin/placeholder/ControleEstoque.dll": {}
        },
        "runtime": {
          "bin/placeholder/ControleEstoque.dll": {}
        }
      }
    }
  },
  "libraries": {
    "ControleEstoque/1.0.0": {
      "type": "project",
      "path": "../ControleEstoque/ControleEstoque.csproj",
      "msbuildProject": "../ControleEstoque/ControleEstoque.csproj"
    }
  },
  "projectFileDependencyGroups": {
    "net5.0": [
      "ControleEstoque >= 1.0.0"
    ]
  },
  "packageFolders": {
    "C:\\Users\\User\\.nuget\\packages\\": {}
  },
  "project": {
    "version": "1.0.0",
    "restore": {
      "projectUniqueName": "C:\\Users\\User\\Dropbox\\program\\git\\troptech\\M2_exercicios\\Projeto_4\\ControleEstoqueSolution\\ControleEstoque.Console\\ControleDeEstoque.Console.csproj",
      "projectName": "ControleDeEstoque.Console",
      "projectPath": "C:\\Users\\User\\Dropbox\\program\\git\\troptech\\M2_exercicios\\Projeto_4\\ControleEstoqueSolution\\ControleEstoque.Console\\ControleDeEstoque.Console.csproj",
      "packagesPath": "C:\\Users\\User\\.nuget\\packages\\",
      "outputPath": "C:\\Users\\User\\Dropbox\\program\\git\\troptech\\M2_exercicios\\Projeto_4\\ControleEstoqueSolution\\ControleEstoque.Console\\obj\\",
      "projectStyle": "PackageReference",
      "configFilePaths": [
        "C:\\Users\\User\\AppData\\Roaming\\NuGet\\NuGet.Config"
      ],
      "originalTargetFrameworks": [
        "net5.0"
      ],
      "sources": {
        "https://api.nuget.org/v3/index.json": {}
      },
      "frameworks": {
        "net5.0": {
          "targetAlias": "net5.0",
          "projectReferences": {
            "C:\\Users\\User\\Dropbox\\program\\git\\troptech\\M2_exercicios\\Projeto_4\\ControleEstoqueSolution\\ControleEstoque\\ControleEstoque.csproj": {
              "projectPath": "C:\\Users\\User\\Dropbox\\program\\git\\troptech\\M2_exercicios\\Projeto_4\\ControleEstoqueSolution\\ControleEstoque\\ControleEstoque.csproj"
            }
          }
        }
      },
      "warningProperties": {
        "warnAsError": [
          "NU1605"
        ]
      }
    },
    "frameworks": {
      "net5.0": {
        "targetAlias": "net5.0",
        "imports": [
          "net461",
          "net462",
          "net47",
          "net471",
          "net472",
          "net48"
        ],
        "assetTargetFallback": true,
        "warn": true,
        "frameworkReferences": {
          "Microsoft.NETCore.App": {
            "privateAssets": "all"
          }
        },
        "runtimeIdentifierGraphPath": "C:\\Program Files\\dotnet\\sdk\\6.0.202\\RuntimeIdentifierGraph.json"
      }
    }
  }
}