
Microsoft Visual Studio Solution File, Format Version 12.00
# Visual Studio Version 16
VisualStudioVersion = 16.0.30114.105
MinimumVisualStudioVersion = 10.0.40219.1
Project("{FAE04EC0-301F-11D3-BF4B-00C04F79EFBC}") = "ControlePonto.ClassLibs", "ControlePonto.ClassLibs\ControlePonto.ClassLibs.csproj", "{C4FABEA9-F7F5-4305-9CD5-CCF2B823C154}"
EndProject
Project("{FAE04EC0-301F-11D3-BF4B-00C04F79EFBC}") = "ControlePonto.ConsoleApp", "ControlePonto.ConsoleApp\ControlePonto.ConsoleApp.csproj", "{21E2AF52-F81D-4218-A5F1-A6938637D26A}"
EndProject
Global
	GlobalSection(SolutionConfigurationPlatforms) = preSolution
		Debug|Any CPU = Debug|Any CPU
		Release|Any CPU = Release|Any CPU
	EndGlobalSection
	GlobalSection(SolutionProperties) = preSolution
		HideSolutionNode = FALSE
	EndGlobalSection
	GlobalSection(ProjectConfigurationPlatforms) = postSolution
		{C4FABEA9-F7F5-4305-9CD5-CCF2B823C154}.Debug|Any CPU.ActiveCfg = Debug|Any CPU
		{C4FABEA9-F7F5-4305-9CD5-CCF2B823C154}.Debug|Any CPU.Build.0 = Debug|Any CPU
		{C4FABEA9-F7F5-4305-9CD5-CCF2B823C154}.Release|Any CPU.ActiveCfg = Release|Any CPU
		{C4FABEA9-F7F5-4305-9CD5-CCF2B823C154}.Release|Any CPU.Build.0 = Release|Any CPU
		{21E2AF52-F81D-4218-A5F1-A6938637D26A}.Debug|Any CPU.ActiveCfg = Debug|Any CPU
		{21E2AF52-F81D-4218-A5F1-A6938637D26A}.Debug|Any CPU.Build.0 = Debug|Any CPU
		{21E2AF52-F81D-4218-A5F1-A6938637D26A}.Release|Any CPU.ActiveCfg = Release|Any CPU
		{21E2AF52-F81D-4218-A5F1-A6938637D26A}.Release|Any CPU.Build.0 = Release|Any CPU
	EndGlobalSection
EndGlobal
