
Microsoft Visual Studio Solution File, Format Version 12.00
# Visual Studio Version 16
VisualStudioVersion = 16.0.30114.105
MinimumVisualStudioVersion = 10.0.40219.1
Project("{FAE04EC0-301F-11D3-BF4B-00C04F79EFBC}") = "DicionarioExercicio.Library", "DicionarioExercicio.Library\DicionarioExercicio.Library.csproj", "{D0ECE453-37E1-4556-A0B7-3144440A2D99}"
EndProject
Project("{FAE04EC0-301F-11D3-BF4B-00C04F79EFBC}") = "DicionarioExercicio.Tests", "DicionarioExercicio.Tests\DicionarioExercicio.Tests.csproj", "{0D026335-EC9A-44EB-8F9A-368CDD67D3A1}"
EndProject
Global
	GlobalSection(SolutionConfigurationPlatforms) = preSolution
		Debug|Any CPU = Debug|Any CPU
		Release|Any CPU = Release|Any CPU
	EndGlobalSection
	GlobalSection(SolutionProperties) = preSolution
		HideSolutionNode = FALSE
	EndGlobalSection
	GlobalSection(ProjectConfigurationPlatforms) = postSolution
		{D0ECE453-37E1-4556-A0B7-3144440A2D99}.Debug|Any CPU.ActiveCfg = Debug|Any CPU
		{D0ECE453-37E1-4556-A0B7-3144440A2D99}.Debug|Any CPU.Build.0 = Debug|Any CPU
		{D0ECE453-37E1-4556-A0B7-3144440A2D99}.Release|Any CPU.ActiveCfg = Release|Any CPU
		{D0ECE453-37E1-4556-A0B7-3144440A2D99}.Release|Any CPU.Build.0 = Release|Any CPU
		{0D026335-EC9A-44EB-8F9A-368CDD67D3A1}.Debug|Any CPU.ActiveCfg = Debug|Any CPU
		{0D026335-EC9A-44EB-8F9A-368CDD67D3A1}.Debug|Any CPU.Build.0 = Debug|Any CPU
		{0D026335-EC9A-44EB-8F9A-368CDD67D3A1}.Release|Any CPU.ActiveCfg = Release|Any CPU
		{0D026335-EC9A-44EB-8F9A-368CDD67D3A1}.Release|Any CPU.Build.0 = Release|Any CPU
	EndGlobalSection
EndGlobal
