
Microsoft Visual Studio Solution File, Format Version 12.00
# Visual Studio Version 16
VisualStudioVersion = 16.0.30114.105
MinimumVisualStudioVersion = 10.0.40219.1
Project("{FAE04EC0-301F-11D3-BF4B-00C04F79EFBC}") = "AgenciaBancaria.ConsoleApp", "AgenciaBancaria.ConsoleApp\AgenciaBancaria.ConsoleApp.csproj", "{92CE4DF3-3373-40FD-81BC-C31CBC292298}"
EndProject
Project("{FAE04EC0-301F-11D3-BF4B-00C04F79EFBC}") = "AgenciaBancaria.Domain", "AgenciaBancaria.Domain\AgenciaBancaria.Domain.csproj", "{F8F2DAC1-28CD-45FF-9237-6E1CE305FC72}"
EndProject
Project("{FAE04EC0-301F-11D3-BF4B-00C04F79EFBC}") = "AgenciaBancaria.Infra.Data", "AgenciaBancaria.Infra.Data\AgenciaBancaria.Infra.Data.csproj", "{40CC2C7D-46C4-46CA-BD08-71A9EF27C978}"
EndProject
Global
	GlobalSection(SolutionConfigurationPlatforms) = preSolution
		Debug|Any CPU = Debug|Any CPU
		Release|Any CPU = Release|Any CPU
	EndGlobalSection
	GlobalSection(SolutionProperties) = preSolution
		HideSolutionNode = FALSE
	EndGlobalSection
	GlobalSection(ProjectConfigurationPlatforms) = postSolution
		{92CE4DF3-3373-40FD-81BC-C31CBC292298}.Debug|Any CPU.ActiveCfg = Debug|Any CPU
		{92CE4DF3-3373-40FD-81BC-C31CBC292298}.Debug|Any CPU.Build.0 = Debug|Any CPU
		{92CE4DF3-3373-40FD-81BC-C31CBC292298}.Release|Any CPU.ActiveCfg = Release|Any CPU
		{92CE4DF3-3373-40FD-81BC-C31CBC292298}.Release|Any CPU.Build.0 = Release|Any CPU
		{F8F2DAC1-28CD-45FF-9237-6E1CE305FC72}.Debug|Any CPU.ActiveCfg = Debug|Any CPU
		{F8F2DAC1-28CD-45FF-9237-6E1CE305FC72}.Debug|Any CPU.Build.0 = Debug|Any CPU
		{F8F2DAC1-28CD-45FF-9237-6E1CE305FC72}.Release|Any CPU.ActiveCfg = Release|Any CPU
		{F8F2DAC1-28CD-45FF-9237-6E1CE305FC72}.Release|Any CPU.Build.0 = Release|Any CPU
		{40CC2C7D-46C4-46CA-BD08-71A9EF27C978}.Debug|Any CPU.ActiveCfg = Debug|Any CPU
		{40CC2C7D-46C4-46CA-BD08-71A9EF27C978}.Debug|Any CPU.Build.0 = Debug|Any CPU
		{40CC2C7D-46C4-46CA-BD08-71A9EF27C978}.Release|Any CPU.ActiveCfg = Release|Any CPU
		{40CC2C7D-46C4-46CA-BD08-71A9EF27C978}.Release|Any CPU.Build.0 = Release|Any CPU
	EndGlobalSection
EndGlobal
