
Microsoft Visual Studio Solution File, Format Version 12.00
# Visual Studio Version 16
VisualStudioVersion = 16.0.30114.105
MinimumVisualStudioVersion = 10.0.40219.1
Project("{FAE04EC0-301F-11D3-BF4B-00C04F79EFBC}") = "BancoSolution.ConsoleApp", "BancoSolution.ConsoleApp\BancoSolution.ConsoleApp.csproj", "{0A7448C4-3E2D-4E57-8E7A-5B3F91820CA7}"
EndProject
Project("{FAE04EC0-301F-11D3-BF4B-00C04F79EFBC}") = "BancoSolution.Domain", "BancoSolution.Domain\BancoSolution.Domain.csproj", "{32F98FA0-5CDF-40D2-BD31-70090B6AAC9D}"
EndProject
Project("{FAE04EC0-301F-11D3-BF4B-00C04F79EFBC}") = "BancoSolution.Infra.Data", "BancoSolution.Infra.Data\BancoSolution.Infra.Data.csproj", "{9A87057E-6447-46BE-8FC8-20FE3C7F0871}"
EndProject
Project("{FAE04EC0-301F-11D3-BF4B-00C04F79EFBC}") = "BancoSolution.WebApi", "BancoSolution.WebApi\BancoSolution.WebApi.csproj", "{D517AD45-94FD-4111-8DE2-552EDC40B929}"
EndProject
Global
	GlobalSection(SolutionConfigurationPlatforms) = preSolution
		Debug|Any CPU = Debug|Any CPU
		Release|Any CPU = Release|Any CPU
	EndGlobalSection
	GlobalSection(SolutionProperties) = preSolution
		HideSolutionNode = FALSE
	EndGlobalSection
	GlobalSection(ProjectConfigurationPlatforms) = postSolution
		{0A7448C4-3E2D-4E57-8E7A-5B3F91820CA7}.Debug|Any CPU.ActiveCfg = Debug|Any CPU
		{0A7448C4-3E2D-4E57-8E7A-5B3F91820CA7}.Debug|Any CPU.Build.0 = Debug|Any CPU
		{0A7448C4-3E2D-4E57-8E7A-5B3F91820CA7}.Release|Any CPU.ActiveCfg = Release|Any CPU
		{0A7448C4-3E2D-4E57-8E7A-5B3F91820CA7}.Release|Any CPU.Build.0 = Release|Any CPU
		{32F98FA0-5CDF-40D2-BD31-70090B6AAC9D}.Debug|Any CPU.ActiveCfg = Debug|Any CPU
		{32F98FA0-5CDF-40D2-BD31-70090B6AAC9D}.Debug|Any CPU.Build.0 = Debug|Any CPU
		{32F98FA0-5CDF-40D2-BD31-70090B6AAC9D}.Release|Any CPU.ActiveCfg = Release|Any CPU
		{32F98FA0-5CDF-40D2-BD31-70090B6AAC9D}.Release|Any CPU.Build.0 = Release|Any CPU
		{9A87057E-6447-46BE-8FC8-20FE3C7F0871}.Debug|Any CPU.ActiveCfg = Debug|Any CPU
		{9A87057E-6447-46BE-8FC8-20FE3C7F0871}.Debug|Any CPU.Build.0 = Debug|Any CPU
		{9A87057E-6447-46BE-8FC8-20FE3C7F0871}.Release|Any CPU.ActiveCfg = Release|Any CPU
		{9A87057E-6447-46BE-8FC8-20FE3C7F0871}.Release|Any CPU.Build.0 = Release|Any CPU
		{D517AD45-94FD-4111-8DE2-552EDC40B929}.Debug|Any CPU.ActiveCfg = Debug|Any CPU
		{D517AD45-94FD-4111-8DE2-552EDC40B929}.Debug|Any CPU.Build.0 = Debug|Any CPU
		{D517AD45-94FD-4111-8DE2-552EDC40B929}.Release|Any CPU.ActiveCfg = Release|Any CPU
		{D517AD45-94FD-4111-8DE2-552EDC40B929}.Release|Any CPU.Build.0 = Release|Any CPU
	EndGlobalSection
EndGlobal
