
Microsoft Visual Studio Solution File, Format Version 12.00
# Visual Studio Version 16
VisualStudioVersion = 16.0.30114.105
MinimumVisualStudioVersion = 10.0.40219.1
Project("{FAE04EC0-301F-11D3-BF4B-00C04F79EFBC}") = "HospitalControl", "HospitalControl\HospitalControl.csproj", "{7E055459-ADDB-4427-8B68-343233A82A81}"
EndProject
Project("{FAE04EC0-301F-11D3-BF4B-00C04F79EFBC}") = "HospitalControl.ConsoleApp", "HospitalControl.ConsoleApp\HospitalControl.ConsoleApp.csproj", "{25ACF453-A0F9-44D0-A5BF-A47C672AC8D8}"
EndProject
Project("{FAE04EC0-301F-11D3-BF4B-00C04F79EFBC}") = "HospitalControl.Tests", "HospitalControl.Tests\HospitalControl.Tests.csproj", "{53A97F3A-2DCB-4537-8EBA-76B679BFB1FF}"
EndProject
Global
	GlobalSection(SolutionConfigurationPlatforms) = preSolution
		Debug|Any CPU = Debug|Any CPU
		Release|Any CPU = Release|Any CPU
	EndGlobalSection
	GlobalSection(SolutionProperties) = preSolution
		HideSolutionNode = FALSE
	EndGlobalSection
	GlobalSection(ProjectConfigurationPlatforms) = postSolution
		{7E055459-ADDB-4427-8B68-343233A82A81}.Debug|Any CPU.ActiveCfg = Debug|Any CPU
		{7E055459-ADDB-4427-8B68-343233A82A81}.Debug|Any CPU.Build.0 = Debug|Any CPU
		{7E055459-ADDB-4427-8B68-343233A82A81}.Release|Any CPU.ActiveCfg = Release|Any CPU
		{7E055459-ADDB-4427-8B68-343233A82A81}.Release|Any CPU.Build.0 = Release|Any CPU
		{25ACF453-A0F9-44D0-A5BF-A47C672AC8D8}.Debug|Any CPU.ActiveCfg = Debug|Any CPU
		{25ACF453-A0F9-44D0-A5BF-A47C672AC8D8}.Debug|Any CPU.Build.0 = Debug|Any CPU
		{25ACF453-A0F9-44D0-A5BF-A47C672AC8D8}.Release|Any CPU.ActiveCfg = Release|Any CPU
		{25ACF453-A0F9-44D0-A5BF-A47C672AC8D8}.Release|Any CPU.Build.0 = Release|Any CPU
		{53A97F3A-2DCB-4537-8EBA-76B679BFB1FF}.Debug|Any CPU.ActiveCfg = Debug|Any CPU
		{53A97F3A-2DCB-4537-8EBA-76B679BFB1FF}.Debug|Any CPU.Build.0 = Debug|Any CPU
		{53A97F3A-2DCB-4537-8EBA-76B679BFB1FF}.Release|Any CPU.ActiveCfg = Release|Any CPU
		{53A97F3A-2DCB-4537-8EBA-76B679BFB1FF}.Release|Any CPU.Build.0 = Release|Any CPU
	EndGlobalSection
EndGlobal
